{
  "name": "lista-03",
  "version": "1.0.2",
  "lockfileVersion": 3,
  "requires": true,
  "packages": {
    "": {
      "name": "lista-03",
      "version": "1.0.2",
      "license": "ISC",
      "dependencies": {
        "lista-03": "^1.0.2"
      }
    },
    "node_modules/lista-03": {
      "version": "1.0.2",
      "resolved": "https://registry.npmjs.org/lista-03/-/lista-03-1.0.2.tgz",
      "integrity": "sha512-zJZoF9AGS1qh2GEXz/lobIULfpdadI4oSD9OU2BTVAW539H3XQO0aMKFj56ig/h3lec0CT1Mocuq71U3vLiSfg=="
    }
  }
}
